
Microsoft Visual Studio Solution File, Format Version 12.00
# Visual Studio Version 17
VisualStudioVersion = 17.2.32616.157
MinimumVisualStudioVersion = 10.0.40219.1
Project("{FAE04EC0-301F-11D3-BF4B-00C04F79EFBC}") = "AulaPoo", "AulaPoo\AulaPoo.csproj", "{3648B3C1-B23E-4181-8131-A8C067A94D26}"
EndProject
Global
	GlobalSection(SolutionConfigurationPlatforms) = preSolution
		Debug|Any CPU = Debug|Any CPU
		Release|Any CPU = Release|Any CPU
	EndGlobalSection
	GlobalSection(ProjectConfigurationPlatforms) = postSolution
		{3648B3C1-B23E-4181-8131-A8C067A94D26}.Debug|Any CPU.ActiveCfg = Debug|Any CPU
		{3648B3C1-B23E-4181-8131-A8C067A94D26}.Debug|Any CPU.Build.0 = Debug|Any CPU
		{3648B3C1-B23E-4181-8131-A8C067A94D26}.Release|Any CPU.ActiveCfg = Release|Any CPU
		{3648B3C1-B23E-4181-8131-A8C067A94D26}.Release|Any CPU.Build.0 = Release|Any CPU
	EndGlobalSection
	GlobalSection(SolutionProperties) = preSolution
		HideSolutionNode = FALSE
	EndGlobalSection
	GlobalSection(ExtensibilityGlobals) = postSolution
		SolutionGuid = {3E5D0366-EB6C-46EA-BE73-6687F0CE5C8F}
	EndGlobalSection
EndGlobal
